
Microsoft Visual Studio Solution File, Format Version 12.00
# Visual Studio Version 17
VisualStudioVersion = 17.7.34031.279
MinimumVisualStudioVersion = 10.0.40219.1
Project("{FAE04EC0-301F-11D3-BF4B-00C04F79EFBC}") = "Bookstore_Management", "Bookstore_Management\Bookstore_Management.csproj", "{18933B7B-AE0A-4BB8-B32A-B212000EF088}"
EndProject
Project("{FAE04EC0-301F-11D3-BF4B-00C04F79EFBC}") = "Lab3_AutomationTest", "Lab3_AutomationTest\Lab3_AutomationTest.csproj", "{50F59F23-F077-46B4-8007-85517D6A834B}"
EndProject
Global
	GlobalSection(SolutionConfigurationPlatforms) = preSolution
		Debug|Any CPU = Debug|Any CPU
		Release|Any CPU = Release|Any CPU
	EndGlobalSection
	GlobalSection(ProjectConfigurationPlatforms) = postSolution
		{18933B7B-AE0A-4BB8-B32A-B212000EF088}.Debug|Any CPU.ActiveCfg = Debug|Any CPU
		{18933B7B-AE0A-4BB8-B32A-B212000EF088}.Debug|Any CPU.Build.0 = Debug|Any CPU
		{18933B7B-AE0A-4BB8-B32A-B212000EF088}.Release|Any CPU.ActiveCfg = Release|Any CPU
		{18933B7B-AE0A-4BB8-B32A-B212000EF088}.Release|Any CPU.Build.0 = Release|Any CPU
		{50F59F23-F077-46B4-8007-85517D6A834B}.Debug|Any CPU.ActiveCfg = Debug|Any CPU
		{50F59F23-F077-46B4-8007-85517D6A834B}.Debug|Any CPU.Build.0 = Debug|Any CPU
		{50F59F23-F077-46B4-8007-85517D6A834B}.Release|Any CPU.ActiveCfg = Release|Any CPU
		{50F59F23-F077-46B4-8007-85517D6A834B}.Release|Any CPU.Build.0 = Release|Any CPU
	EndGlobalSection
	GlobalSection(SolutionProperties) = preSolution
		HideSolutionNode = FALSE
	EndGlobalSection
	GlobalSection(ExtensibilityGlobals) = postSolution
		SolutionGuid = {6CF4CF57-A288-481E-A0A6-0C680F028AFC}
	EndGlobalSection
EndGlobal
